
Microsoft Visual Studio Solution File, Format Version 12.00
# Visual Studio 15
VisualStudioVersion = 15.0.26124.0
MinimumVisualStudioVersion = 15.0.26124.0
Project("{2150E333-8FDC-42A3-9474-1A3956D46DE8}") = "MyShop.Server", "MyShop.Server", "{2EE80289-40ED-4A8B-8B1A-73D53A7AA41E}"
EndProject
Project("{2150E333-8FDC-42A3-9474-1A3956D46DE8}") = "src", "src", "{920F7AE0-14EC-473E-B08A-E263BE3A60AA}"
EndProject
Project("{FAE04EC0-301F-11D3-BF4B-00C04F79EFBC}") = "MyShop.Api", "MyShop.Server\src\MyShop.Api\MyShop.Api.csproj", "{6C8E7C99-BF89-4840-91FA-2C767AFB5EEF}"
EndProject
Project("{FAE04EC0-301F-11D3-BF4B-00C04F79EFBC}") = "MyShop.Core", "MyShop.Server\src\MyShop.Core\MyShop.Core.csproj", "{E23D972C-634B-4DA2-A873-810A0488D37B}"
EndProject
Project("{FAE04EC0-301F-11D3-BF4B-00C04F79EFBC}") = "MyShop.Infrastructure", "MyShop.Server\src\MyShop.Infrastructure\MyShop.Infrastructure.csproj", "{C549AF67-34FC-4F94-91F8-B119235B8729}"
EndProject
Project("{FAE04EC0-301F-11D3-BF4B-00C04F79EFBC}") = "MyShop.Services", "MyShop.Server\src\MyShop.Services\MyShop.Services.csproj", "{D6688C71-A7EA-41D6-B069-3C40C3767F2D}"
EndProject
Project("{2150E333-8FDC-42A3-9474-1A3956D46DE8}") = "tests", "tests", "{FE26B590-95E0-43D4-83E6-095A52A61EE3}"
EndProject
Project("{FAE04EC0-301F-11D3-BF4B-00C04F79EFBC}") = "MyShop.Tests.EndToEnd", "MyShop.Server\tests\MyShop.Tests.EndToEnd\MyShop.Tests.EndToEnd.csproj", "{2B68F8BF-6597-474A-B9BE-C3320E71A650}"
EndProject
Project("{FAE04EC0-301F-11D3-BF4B-00C04F79EFBC}") = "MyShop.Tests.Unit", "MyShop.Server\tests\MyShop.Tests.Unit\MyShop.Tests.Unit.csproj", "{85254AD7-AF57-4CFF-8BD6-D9F2CB6C6AE5}"
EndProject
Global
	GlobalSection(SolutionConfigurationPlatforms) = preSolution
		Debug|Any CPU = Debug|Any CPU
		Debug|x64 = Debug|x64
		Debug|x86 = Debug|x86
		Release|Any CPU = Release|Any CPU
		Release|x64 = Release|x64
		Release|x86 = Release|x86
	EndGlobalSection
	GlobalSection(SolutionProperties) = preSolution
		HideSolutionNode = FALSE
	EndGlobalSection
	GlobalSection(ProjectConfigurationPlatforms) = postSolution
		{6C8E7C99-BF89-4840-91FA-2C767AFB5EEF}.Debug|Any CPU.ActiveCfg = Debug|Any CPU
		{6C8E7C99-BF89-4840-91FA-2C767AFB5EEF}.Debug|Any CPU.Build.0 = Debug|Any CPU
		{6C8E7C99-BF89-4840-91FA-2C767AFB5EEF}.Debug|x64.ActiveCfg = Debug|Any CPU
		{6C8E7C99-BF89-4840-91FA-2C767AFB5EEF}.Debug|x64.Build.0 = Debug|Any CPU
		{6C8E7C99-BF89-4840-91FA-2C767AFB5EEF}.Debug|x86.ActiveCfg = Debug|Any CPU
		{6C8E7C99-BF89-4840-91FA-2C767AFB5EEF}.Debug|x86.Build.0 = Debug|Any CPU
		{6C8E7C99-BF89-4840-91FA-2C767AFB5EEF}.Release|Any CPU.ActiveCfg = Release|Any CPU
		{6C8E7C99-BF89-4840-91FA-2C767AFB5EEF}.Release|Any CPU.Build.0 = Release|Any CPU
		{6C8E7C99-BF89-4840-91FA-2C767AFB5EEF}.Release|x64.ActiveCfg = Release|Any CPU
		{6C8E7C99-BF89-4840-91FA-2C767AFB5EEF}.Release|x64.Build.0 = Release|Any CPU
		{6C8E7C99-BF89-4840-91FA-2C767AFB5EEF}.Release|x86.ActiveCfg = Release|Any CPU
		{6C8E7C99-BF89-4840-91FA-2C767AFB5EEF}.Release|x86.Build.0 = Release|Any CPU
		{E23D972C-634B-4DA2-A873-810A0488D37B}.Debug|Any CPU.ActiveCfg = Debug|Any CPU
		{E23D972C-634B-4DA2-A873-810A0488D37B}.Debug|Any CPU.Build.0 = Debug|Any CPU
		{E23D972C-634B-4DA2-A873-810A0488D37B}.Debug|x64.ActiveCfg = Debug|Any CPU
		{E23D972C-634B-4DA2-A873-810A0488D37B}.Debug|x64.Build.0 = Debug|Any CPU
		{E23D972C-634B-4DA2-A873-810A0488D37B}.Debug|x86.ActiveCfg = Debug|Any CPU
		{E23D972C-634B-4DA2-A873-810A0488D37B}.Debug|x86.Build.0 = Debug|Any CPU
		{E23D972C-634B-4DA2-A873-810A0488D37B}.Release|Any CPU.ActiveCfg = Release|Any CPU
		{E23D972C-634B-4DA2-A873-810A0488D37B}.Release|Any CPU.Build.0 = Release|Any CPU
		{E23D972C-634B-4DA2-A873-810A0488D37B}.Release|x64.ActiveCfg = Release|Any CPU
		{E23D972C-634B-4DA2-A873-810A0488D37B}.Release|x64.Build.0 = Release|Any CPU
		{E23D972C-634B-4DA2-A873-810A0488D37B}.Release|x86.ActiveCfg = Release|Any CPU
		{E23D972C-634B-4DA2-A873-810A0488D37B}.Release|x86.Build.0 = Release|Any CPU
		{C549AF67-34FC-4F94-91F8-B119235B8729}.Debug|Any CPU.ActiveCfg = Debug|Any CPU
		{C549AF67-34FC-4F94-91F8-B119235B8729}.Debug|Any CPU.Build.0 = Debug|Any CPU
		{C549AF67-34FC-4F94-91F8-B119235B8729}.Debug|x64.ActiveCfg = Debug|Any CPU
		{C549AF67-34FC-4F94-91F8-B119235B8729}.Debug|x64.Build.0 = Debug|Any CPU
		{C549AF67-34FC-4F94-91F8-B119235B8729}.Debug|x86.ActiveCfg = Debug|Any CPU
		{C549AF67-34FC-4F94-91F8-B119235B8729}.Debug|x86.Build.0 = Debug|Any CPU
		{C549AF67-34FC-4F94-91F8-B119235B8729}.Release|Any CPU.ActiveCfg = Release|Any CPU
		{C549AF67-34FC-4F94-91F8-B119235B8729}.Release|Any CPU.Build.0 = Release|Any CPU
		{C549AF67-34FC-4F94-91F8-B119235B8729}.Release|x64.ActiveCfg = Release|Any CPU
		{C549AF67-34FC-4F94-91F8-B119235B8729}.Release|x64.Build.0 = Release|Any CPU
		{C549AF67-34FC-4F94-91F8-B119235B8729}.Release|x86.ActiveCfg = Release|Any CPU
		{C549AF67-34FC-4F94-91F8-B119235B8729}.Release|x86.Build.0 = Release|Any CPU
		{D6688C71-A7EA-41D6-B069-3C40C3767F2D}.Debug|Any CPU.ActiveCfg = Debug|Any CPU
		{D6688C71-A7EA-41D6-B069-3C40C3767F2D}.Debug|Any CPU.Build.0 = Debug|Any CPU
		{D6688C71-A7EA-41D6-B069-3C40C3767F2D}.Debug|x64.ActiveCfg = Debug|Any CPU
		{D6688C71-A7EA-41D6-B069-3C40C3767F2D}.Debug|x64.Build.0 = Debug|Any CPU
		{D6688C71-A7EA-41D6-B069-3C40C3767F2D}.Debug|x86.ActiveCfg = Debug|Any CPU
		{D6688C71-A7EA-41D6-B069-3C40C3767F2D}.Debug|x86.Build.0 = Debug|Any CPU
		{D6688C71-A7EA-41D6-B069-3C40C3767F2D}.Release|Any CPU.ActiveCfg = Release|Any CPU
		{D6688C71-A7EA-41D6-B069-3C40C3767F2D}.Release|Any CPU.Build.0 = Release|Any CPU
		{D6688C71-A7EA-41D6-B069-3C40C3767F2D}.Release|x64.ActiveCfg = Release|Any CPU
		{D6688C71-A7EA-41D6-B069-3C40C3767F2D}.Release|x64.Build.0 = Release|Any CPU
		{D6688C71-A7EA-41D6-B069-3C40C3767F2D}.Release|x86.ActiveCfg = Release|Any CPU
		{D6688C71-A7EA-41D6-B069-3C40C3767F2D}.Release|x86.Build.0 = Release|Any CPU
		{2B68F8BF-6597-474A-B9BE-C3320E71A650}.Debug|Any CPU.ActiveCfg = Debug|Any CPU
		{2B68F8BF-6597-474A-B9BE-C3320E71A650}.Debug|Any CPU.Build.0 = Debug|Any CPU
		{2B68F8BF-6597-474A-B9BE-C3320E71A650}.Debug|x64.ActiveCfg = Debug|Any CPU
		{2B68F8BF-6597-474A-B9BE-C3320E71A650}.Debug|x64.Build.0 = Debug|Any CPU
		{2B68F8BF-6597-474A-B9BE-C3320E71A650}.Debug|x86.ActiveCfg = Debug|Any CPU
		{2B68F8BF-6597-474A-B9BE-C3320E71A650}.Debug|x86.Build.0 = Debug|Any CPU
		{2B68F8BF-6597-474A-B9BE-C3320E71A650}.Release|Any CPU.ActiveCfg = Release|Any CPU
		{2B68F8BF-6597-474A-B9BE-C3320E71A650}.Release|Any CPU.Build.0 = Release|Any CPU
		{2B68F8BF-6597-474A-B9BE-C3320E71A650}.Release|x64.ActiveCfg = Release|Any CPU
		{2B68F8BF-6597-474A-B9BE-C3320E71A650}.Release|x64.Build.0 = Release|Any CPU
		{2B68F8BF-6597-474A-B9BE-C3320E71A650}.Release|x86.ActiveCfg = Release|Any CPU
		{2B68F8BF-6597-474A-B9BE-C3320E71A650}.Release|x86.Build.0 = Release|Any CPU
		{85254AD7-AF57-4CFF-8BD6-D9F2CB6C6AE5}.Debug|Any CPU.ActiveCfg = Debug|Any CPU
		{85254AD7-AF57-4CFF-8BD6-D9F2CB6C6AE5}.Debug|Any CPU.Build.0 = Debug|Any CPU
		{85254AD7-AF57-4CFF-8BD6-D9F2CB6C6AE5}.Debug|x64.ActiveCfg = Debug|Any CPU
		{85254AD7-AF57-4CFF-8BD6-D9F2CB6C6AE5}.Debug|x64.Build.0 = Debug|Any CPU
		{85254AD7-AF57-4CFF-8BD6-D9F2CB6C6AE5}.Debug|x86.ActiveCfg = Debug|Any CPU
		{85254AD7-AF57-4CFF-8BD6-D9F2CB6C6AE5}.Debug|x86.Build.0 = Debug|Any CPU
		{85254AD7-AF57-4CFF-8BD6-D9F2CB6C6AE5}.Release|Any CPU.ActiveCfg = Release|Any CPU
		{85254AD7-AF57-4CFF-8BD6-D9F2CB6C6AE5}.Release|Any CPU.Build.0 = Release|Any CPU
		{85254AD7-AF57-4CFF-8BD6-D9F2CB6C6AE5}.Release|x64.ActiveCfg = Release|Any CPU
		{85254AD7-AF57-4CFF-8BD6-D9F2CB6C6AE5}.Release|x64.Build.0 = Release|Any CPU
		{85254AD7-AF57-4CFF-8BD6-D9F2CB6C6AE5}.Release|x86.ActiveCfg = Release|Any CPU
		{85254AD7-AF57-4CFF-8BD6-D9F2CB6C6AE5}.Release|x86.Build.0 = Release|Any CPU
	EndGlobalSection
	GlobalSection(NestedProjects) = preSolution
		{920F7AE0-14EC-473E-B08A-E263BE3A60AA} = {2EE80289-40ED-4A8B-8B1A-73D53A7AA41E}
		{6C8E7C99-BF89-4840-91FA-2C767AFB5EEF} = {920F7AE0-14EC-473E-B08A-E263BE3A60AA}
		{E23D972C-634B-4DA2-A873-810A0488D37B} = {920F7AE0-14EC-473E-B08A-E263BE3A60AA}
		{C549AF67-34FC-4F94-91F8-B119235B8729} = {920F7AE0-14EC-473E-B08A-E263BE3A60AA}
		{D6688C71-A7EA-41D6-B069-3C40C3767F2D} = {920F7AE0-14EC-473E-B08A-E263BE3A60AA}
		{FE26B590-95E0-43D4-83E6-095A52A61EE3} = {2EE80289-40ED-4A8B-8B1A-73D53A7AA41E}
		{2B68F8BF-6597-474A-B9BE-C3320E71A650} = {FE26B590-95E0-43D4-83E6-095A52A61EE3}
		{85254AD7-AF57-4CFF-8BD6-D9F2CB6C6AE5} = {FE26B590-95E0-43D4-83E6-095A52A61EE3}
	EndGlobalSection
EndGlobal
